
Microsoft Visual Studio Solution File, Format Version 11.00
# Visual Studio 2010
Project("{FAE04EC0-301F-11D3-BF4B-00C04F79EFBC}") = "Assembly-CSharp", "Assembly-CSharp.csproj", "{10CA9B5E-FB65-7684-4D78-33AF6AC39F05}"
EndProject
Project("{FAE04EC0-301F-11D3-BF4B-00C04F79EFBC}") = "Assembly-CSharp-Editor", "Assembly-CSharp-Editor.csproj", "{6BD02F03-5423-CE10-5CCA-F8417F54AF10}"
EndProject
Global
	GlobalSection(SolutionConfigurationPlatforms) = preSolution
		Debug|Any CPU = Debug|Any CPU
		Release|Any CPU = Release|Any CPU
	EndGlobalSection
	GlobalSection(ProjectConfigurationPlatforms) = postSolution
		{10CA9B5E-FB65-7684-4D78-33AF6AC39F05}.Debug|Any CPU.ActiveCfg = Debug|Any CPU
		{10CA9B5E-FB65-7684-4D78-33AF6AC39F05}.Debug|Any CPU.Build.0 = Debug|Any CPU
		{10CA9B5E-FB65-7684-4D78-33AF6AC39F05}.Release|Any CPU.ActiveCfg = Release|Any CPU
		{10CA9B5E-FB65-7684-4D78-33AF6AC39F05}.Release|Any CPU.Build.0 = Release|Any CPU
		{6BD02F03-5423-CE10-5CCA-F8417F54AF10}.Debug|Any CPU.ActiveCfg = Debug|Any CPU
		{6BD02F03-5423-CE10-5CCA-F8417F54AF10}.Debug|Any CPU.Build.0 = Debug|Any CPU
		{6BD02F03-5423-CE10-5CCA-F8417F54AF10}.Release|Any CPU.ActiveCfg = Release|Any CPU
		{6BD02F03-5423-CE10-5CCA-F8417F54AF10}.Release|Any CPU.Build.0 = Release|Any CPU
	EndGlobalSection
	GlobalSection(SolutionProperties) = preSolution
		HideSolutionNode = FALSE
	EndGlobalSection
	GlobalSection(MonoDevelopProperties) = preSolution
		StartupItem = Assembly-CSharp.csproj
	EndGlobalSection
EndGlobal
